
Microsoft Visual Studio Solution File, Format Version 12.00
# Visual Studio Version 17
VisualStudioVersion = 17.4.33213.308
MinimumVisualStudioVersion = 10.0.40219.1
Project("{FAE04EC0-301F-11D3-BF4B-00C04F79EFBC}") = "apitest", "apitest\apitest.csproj", "{90DA9656-84CB-4CBB-93B2-70197A829A7A}"
EndProject
Global
	GlobalSection(SolutionConfigurationPlatforms) = preSolution
		Debug|Any CPU = Debug|Any CPU
		Release|Any CPU = Release|Any CPU
	EndGlobalSection
	GlobalSection(ProjectConfigurationPlatforms) = postSolution
		{90DA9656-84CB-4CBB-93B2-70197A829A7A}.Debug|Any CPU.ActiveCfg = Debug|Any CPU
		{90DA9656-84CB-4CBB-93B2-70197A829A7A}.Debug|Any CPU.Build.0 = Debug|Any CPU
		{90DA9656-84CB-4CBB-93B2-70197A829A7A}.Release|Any CPU.ActiveCfg = Release|Any CPU
		{90DA9656-84CB-4CBB-93B2-70197A829A7A}.Release|Any CPU.Build.0 = Release|Any CPU
	EndGlobalSection
	GlobalSection(SolutionProperties) = preSolution
		HideSolutionNode = FALSE
	EndGlobalSection
	GlobalSection(ExtensibilityGlobals) = postSolution
		SolutionGuid = {2178CF91-D9AD-450E-BF5B-C64346464A65}
	EndGlobalSection
EndGlobal
